<Project ToolsVersion="4.0" xmlns="http://schemas.microsoft.com/developer/msbuild/2003">
  <ItemGroup>
    <Filter Include="Source Files">
      <UniqueIdentifier>{4FC737F1-C7A5-4376-A066-2A32D752A2FF}</UniqueIdentifier>
      <Extensions>cpp;c;cc;cxx;def;odl;idl;hpj;bat;asm;asmx</Extensions>
    </Filter>
    <Filter Include="Header Files">
      <UniqueIdentifier>{93995380-89BD-4b04-88EB-625FBE52EBFB}</UniqueIdentifier>
      <Extensions>h;hpp;hxx;hm;inl;inc;xsd</Extensions>
    </Filter>
    <Filter Include="Resource Files">
      <UniqueIdentifier>{67DA6AB6-F800-4c08-8B7A-83BB121AAD01}</UniqueIdentifier>
      <Extensions>rc;ico;cur;bmp;dlg;rc2;rct;bin;rgs;gif;jpg;jpeg;jpe;resx;tiff;tif;png;wav</Extensions>
    </Filter>
    <Filter Include="Blocks">
      <UniqueIdentifier>{D59B8891-C38D-4E9B-B61B-3E156B1792DF}</UniqueIdentifier>
    </Filter>
    <Filter Include="Blocks\Cinder-HTTP(S)">
      <UniqueIdentifier>{63C99BC2-1574-40A1-B4C3-1D4916521E39}</UniqueIdentifier>
    </Filter>
    <Filter Include="Blocks\Cinder-HTTP(S)\src">
      <UniqueIdentifier>{9D43DFD8-C10B-4EE4-809C-3B237945A4BF}</UniqueIdentifier>
    </Filter>
    <Filter Include="Blocks\Cinder-HTTP(S)\src\cinder">
      <UniqueIdentifier>{A471C853-CE4A-4E0C-A74A-495463FFCD37}</UniqueIdentifier>
    </Filter>
    <Filter Include="Blocks\Cinder-HTTP(S)\src\cinder\http">
      <UniqueIdentifier>{0C4B3B90-C411-497B-828B-51A5C9949B63}</UniqueIdentifier>
    </Filter>
    <Filter Include="Blocks\ImGui">
      <UniqueIdentifier>{F78EF6C6-7C33-4A04-B851-C17D0A11DA44}</UniqueIdentifier>
    </Filter>
    <Filter Include="Blocks\ImGui\include">
      <UniqueIdentifier>{AF75F1C2-4A5F-4D87-A1A8-B0EDF8C68F9E}</UniqueIdentifier>
    </Filter>
    <Filter Include="Blocks\ImGui\lib">
      <UniqueIdentifier>{7A2D4B8F-99BF-415F-8830-08F7ACEA55D9}</UniqueIdentifier>
    </Filter>
    <Filter Include="Blocks\ImGui\lib\imgui">
      <UniqueIdentifier>{AED5167C-5C06-4C70-943A-734D01DE2799}</UniqueIdentifier>
    </Filter>
    <Filter Include="Blocks\ImGui\src">
      <UniqueIdentifier>{1E070B1E-0E06-4871-BBBF-EB4005CBA038}</UniqueIdentifier>
    </Filter>
    <Filter Include="Blocks\Midi2">
      <UniqueIdentifier>{1DA7800D-97FC-4501-8332-C39ECBFBF721}</UniqueIdentifier>
    </Filter>
    <Filter Include="Blocks\Midi2\include">
      <UniqueIdentifier>{FF7B7F32-486D-4726-9C5C-869D5B1814D0}</UniqueIdentifier>
    </Filter>
    <Filter Include="Blocks\Midi2\lib">
      <UniqueIdentifier>{AB1C3EC6-710E-4E01-8D42-3B9513901909}</UniqueIdentifier>
    </Filter>
    <Filter Include="Blocks\Midi2\src">
      <UniqueIdentifier>{403DF0C0-A478-4691-A43C-DED6B3A02552}</UniqueIdentifier>
    </Filter>
    <Filter Include="Blocks\Spout">
      <UniqueIdentifier>{E932643E-B1FA-4B01-A2B4-9F25FE759CDA}</UniqueIdentifier>
    </Filter>
    <Filter Include="Blocks\Spout\include">
      <UniqueIdentifier>{EDA8DA0C-7F28-462F-849C-A72D0FDAC4B6}</UniqueIdentifier>
    </Filter>
    <Filter Include="Blocks\Cinder-VDR">
      <UniqueIdentifier>{1F905EE3-97F4-422D-B365-F66FB6F54AE5}</UniqueIdentifier>
    </Filter>
    <Filter Include="Blocks\Cinder-VDR\include">
      <UniqueIdentifier>{92838D4C-F5B8-407F-BF4B-726669348C68}</UniqueIdentifier>
    </Filter>
    <Filter Include="Blocks\Cinder-VDR\src">
      <UniqueIdentifier>{3E90D3BF-A578-4572-9DEA-A9DAEEDD61E4}</UniqueIdentifier>
    </Filter>
    <Filter Include="Blocks\Cinder-VDUI">
      <UniqueIdentifier>{45F347A7-E849-4739-8D94-32CDA89498D2}</UniqueIdentifier>
    </Filter>
    <Filter Include="Blocks\Cinder-VDUI\include">
      <UniqueIdentifier>{69F47372-3C72-494C-8235-C3210716F1DE}</UniqueIdentifier>
    </Filter>
    <Filter Include="Blocks\Cinder-VDUI\src">
      <UniqueIdentifier>{F9294BD0-AE2F-444F-A832-BB54E9588DA7}</UniqueIdentifier>
    </Filter>
    <Filter Include="Blocks\Cinder-Warping">
      <UniqueIdentifier>{252D03A0-B732-4101-AB78-B7D06F980839}</UniqueIdentifier>
    </Filter>
    <Filter Include="Blocks\Cinder-Warping\include">
      <UniqueIdentifier>{B3BAEC81-315F-45EB-A72E-B93A3D58EDED}</UniqueIdentifier>
    </Filter>
    <Filter Include="Blocks\Cinder-Warping\src">
      <UniqueIdentifier>{74270EB1-B6B1-4E4D-9564-AE183B902DBF}</UniqueIdentifier>
    </Filter>
    <Filter Include="Blocks\Cinder-WebSocketPP">
      <UniqueIdentifier>{E85F5B9A-E74B-426C-89A3-6295373F0FB9}</UniqueIdentifier>
    </Filter>
    <Filter Include="Blocks\Cinder-WebSocketPP\src">
      <UniqueIdentifier>{D7686E48-BA6F-4593-BC65-BC64C3B82C73}</UniqueIdentifier>
    </Filter>
    <Filter Include="Blocks\WMFVideo">
      <UniqueIdentifier>{0460EB68-CB50-4B68-957C-8D919F0E37D8}</UniqueIdentifier>
    </Filter>
    <Filter Include="Blocks\WMFVideo\src">
      <UniqueIdentifier>{6B431327-9A38-45B3-B425-46D7D5B2803E}</UniqueIdentifier>
    </Filter>
    <Filter Include="Blocks\WMFVideo\src\presenter">
      <UniqueIdentifier>{E208B261-F99A-4878-A263-82C9170F6AAC}</UniqueIdentifier>
    </Filter>
    <Filter Include="Blocks\WMFVideo\src\presenter\common">
      <UniqueIdentifier>{A66706AA-5D70-4429-9BFC-519F9BFE6318}</UniqueIdentifier>
    </Filter>
    <Filter Include="Blocks\OSC">
      <UniqueIdentifier>{441B1489-89EB-41FC-9F6A-166E835E73EA}</UniqueIdentifier>
    </Filter>
    <Filter Include="Blocks\OSC\src">
      <UniqueIdentifier>{66AD2F31-989A-414D-A1DD-AACD5466061F}</UniqueIdentifier>
    </Filter>
    <Filter Include="Blocks\OSC\src\cinder">
      <UniqueIdentifier>{76E061E6-D5C0-4FE4-9802-7A8E901B7AE2}</UniqueIdentifier>
    </Filter>
    <Filter Include="Blocks\OSC\src\cinder\osc">
      <UniqueIdentifier>{7E40A864-554F-49A1-942E-B65FF9E0266C}</UniqueIdentifier>
    </Filter>
    <Filter Include="assets">
      <UniqueIdentifier>{5dbafd3c-b64d-482f-9c3d-1a830fc1dbf8}</UniqueIdentifier>
    </Filter>
  </ItemGroup>
  <ItemGroup>
    <ClCompile Include="..\src\BatchassSkyApp.cpp">
      <Filter>Source Files</Filter>
    </ClCompile>
    <ClInclude Include="..\include\Resources.h">
      <Filter>Header Files</Filter>
    </ClInclude>
    <ClCompile Include="..\src\BatchassSkyApp.cpp">
      <Filter>Source Files</Filter>
    </ClCompile>
    <ClInclude Include="..\..\..\Cinder\blocks\Cinder-HTTP\src\cinder\http\connector.hpp">
      <Filter>Blocks\Cinder-HTTP(S)\src\cinder\http</Filter>
    </ClInclude>
    <ClInclude Include="..\..\..\Cinder\blocks\Cinder-HTTP\src\cinder\http\error_codes.hpp">
      <Filter>Blocks\Cinder-HTTP(S)\src\cinder\http</Filter>
    </ClInclude>
    <ClInclude Include="..\..\..\Cinder\blocks\Cinder-HTTP\src\cinder\http\handshaker.hpp">
      <Filter>Blocks\Cinder-HTTP(S)\src\cinder\http</Filter>
    </ClInclude>
    <ClInclude Include="..\..\..\Cinder\blocks\Cinder-HTTP\src\cinder\http\headers.hpp">
      <Filter>Blocks\Cinder-HTTP(S)\src\cinder\http</Filter>
    </ClInclude>
    <ClInclude Include="..\..\..\Cinder\blocks\Cinder-HTTP\src\cinder\http\http.hpp">
      <Filter>Blocks\Cinder-HTTP(S)\src\cinder\http</Filter>
    </ClInclude>
    <ClInclude Include="..\..\..\Cinder\blocks\Cinder-HTTP\src\cinder\http\parsers.hpp">
      <Filter>Blocks\Cinder-HTTP(S)\src\cinder\http</Filter>
    </ClInclude>
    <ClInclude Include="..\..\..\Cinder\blocks\Cinder-HTTP\src\cinder\http\request_response.hpp">
      <Filter>Blocks\Cinder-HTTP(S)\src\cinder\http</Filter>
    </ClInclude>
    <ClInclude Include="..\..\..\Cinder\blocks\Cinder-HTTP\src\cinder\http\requester.hpp">
      <Filter>Blocks\Cinder-HTTP(S)\src\cinder\http</Filter>
    </ClInclude>
    <ClInclude Include="..\..\..\Cinder\blocks\Cinder-HTTP\src\cinder\http\responder.hpp">
      <Filter>Blocks\Cinder-HTTP(S)\src\cinder\http</Filter>
    </ClInclude>
    <ClInclude Include="..\..\..\Cinder\blocks\Cinder-HTTP\src\cinder\http\url.hpp">
      <Filter>Blocks\Cinder-HTTP(S)\src\cinder\http</Filter>
    </ClInclude>
    <ClInclude Include="..\..\..\Cinder\blocks\Cinder-ImGui\include\CinderImGui.h">
      <Filter>Blocks\ImGui\include</Filter>
    </ClInclude>
    <ClInclude Include="..\..\..\Cinder\blocks\Cinder-ImGui\include\imgui_user.h">
      <Filter>Blocks\ImGui\include</Filter>
    </ClInclude>
    <ClInclude Include="..\..\..\Cinder\blocks\Cinder-ImGui\include\imgui_user.inl">
      <Filter>Blocks\ImGui\include</Filter>
    </ClInclude>
    <ClInclude Include="..\..\..\Cinder\blocks\Cinder-ImGui\lib\imgui\imconfig.h">
      <Filter>Blocks\ImGui\lib\imgui</Filter>
    </ClInclude>
    <ClInclude Include="..\..\..\Cinder\blocks\Cinder-ImGui\lib\imgui\imgui.h">
      <Filter>Blocks\ImGui\lib\imgui</Filter>
    </ClInclude>
    <ClInclude Include="..\..\..\Cinder\blocks\Cinder-ImGui\lib\imgui\imgui_internal.h">
      <Filter>Blocks\ImGui\lib\imgui</Filter>
    </ClInclude>
    <ClCompile Include="..\..\..\Cinder\blocks\Cinder-ImGui\src\CinderImGui.cpp">
      <Filter>Blocks\ImGui\src</Filter>
    </ClCompile>
    <ClCompile Include="..\..\..\Cinder\blocks\Cinder-ImGui\lib\imgui\imgui.cpp">
      <Filter>Blocks\ImGui\lib\imgui</Filter>
    </ClCompile>
    <ClCompile Include="..\..\..\Cinder\blocks\Cinder-ImGui\lib\imgui\imgui_draw.cpp">
      <Filter>Blocks\ImGui\lib\imgui</Filter>
    </ClCompile>
    <ClCompile Include="..\..\..\Cinder\blocks\Cinder-ImGui\lib\imgui\imgui_demo.cpp">
      <Filter>Blocks\ImGui\lib\imgui</Filter>
    </ClCompile>
    <ClInclude Include="..\..\..\Cinder\blocks\Cinder-MIDI2\include\MidiConstants.h">
      <Filter>Blocks\Midi2\include</Filter>
    </ClInclude>
    <ClInclude Include="..\..\..\Cinder\blocks\Cinder-MIDI2\include\MidiExceptions.h">
      <Filter>Blocks\Midi2\include</Filter>
    </ClInclude>
    <ClInclude Include="..\..\..\Cinder\blocks\Cinder-MIDI2\include\MidiHeaders.h">
      <Filter>Blocks\Midi2\include</Filter>
    </ClInclude>
    <ClInclude Include="..\..\..\Cinder\blocks\Cinder-MIDI2\include\MidiHub.h">
      <Filter>Blocks\Midi2\include</Filter>
    </ClInclude>
    <ClInclude Include="..\..\..\Cinder\blocks\Cinder-MIDI2\include\MidiIn.h">
      <Filter>Blocks\Midi2\include</Filter>
    </ClInclude>
    <ClInclude Include="..\..\..\Cinder\blocks\Cinder-MIDI2\include\MidiMessage.h">
      <Filter>Blocks\Midi2\include</Filter>
    </ClInclude>
    <ClInclude Include="..\..\..\Cinder\blocks\Cinder-MIDI2\include\MidiOut.h">
      <Filter>Blocks\Midi2\include</Filter>
    </ClInclude>
    <ClInclude Include="..\..\..\Cinder\blocks\Cinder-MIDI2\lib\RtMidi.h">
      <Filter>Blocks\Midi2\lib</Filter>
    </ClInclude>
    <ClCompile Include="..\..\..\Cinder\blocks\Cinder-MIDI2\src\MidiHub.cpp">
      <Filter>Blocks\Midi2\src</Filter>
    </ClCompile>
    <ClCompile Include="..\..\..\Cinder\blocks\Cinder-MIDI2\src\MidiIn.cpp">
      <Filter>Blocks\Midi2\src</Filter>
    </ClCompile>
    <ClCompile Include="..\..\..\Cinder\blocks\Cinder-MIDI2\src\MidiMessage.cpp">
      <Filter>Blocks\Midi2\src</Filter>
    </ClCompile>
    <ClCompile Include="..\..\..\Cinder\blocks\Cinder-MIDI2\src\MidiOut.cpp">
      <Filter>Blocks\Midi2\src</Filter>
    </ClCompile>
    <ClCompile Include="..\..\..\Cinder\blocks\Cinder-MIDI2\lib\RtMidi.cpp">
      <Filter>Blocks\Midi2\lib</Filter>
    </ClCompile>
    <ClInclude Include="..\blocks\Spout\include\CiSpoutIn.h">
      <Filter>Blocks\Spout\include</Filter>
    </ClInclude>
    <ClInclude Include="..\blocks\Spout\include\CiSpoutOut.h">
      <Filter>Blocks\Spout\include</Filter>
    </ClInclude>
    <ClInclude Include="..\blocks\Spout\include\Spout.h">
      <Filter>Blocks\Spout\include</Filter>
    </ClInclude>
    <ClInclude Include="..\blocks\Spout\include\SpoutCommon.h">
      <Filter>Blocks\Spout\include</Filter>
    </ClInclude>
    <ClInclude Include="..\blocks\Spout\include\SpoutCopy.h">
      <Filter>Blocks\Spout\include</Filter>
    </ClInclude>
    <ClInclude Include="..\blocks\Spout\include\SpoutDirectX.h">
      <Filter>Blocks\Spout\include</Filter>
    </ClInclude>
    <ClInclude Include="..\blocks\Spout\include\SpoutGLDXinterop.h">
      <Filter>Blocks\Spout\include</Filter>
    </ClInclude>
    <ClInclude Include="..\blocks\Spout\include\SpoutGLextensions.h">
      <Filter>Blocks\Spout\include</Filter>
    </ClInclude>
    <ClInclude Include="..\blocks\Spout\include\SpoutMemoryShare.h">
      <Filter>Blocks\Spout\include</Filter>
    </ClInclude>
    <ClInclude Include="..\blocks\Spout\include\SpoutReceiver.h">
      <Filter>Blocks\Spout\include</Filter>
    </ClInclude>
    <ClInclude Include="..\blocks\Spout\include\SpoutSDK.h">
      <Filter>Blocks\Spout\include</Filter>
    </ClInclude>
    <ClInclude Include="..\blocks\Spout\include\SpoutSender.h">
      <Filter>Blocks\Spout\include</Filter>
    </ClInclude>
    <ClInclude Include="..\blocks\Spout\include\SpoutSenderNames.h">
      <Filter>Blocks\Spout\include</Filter>
    </ClInclude>
    <ClInclude Include="..\blocks\Spout\include\SpoutSharedMemory.h">
      <Filter>Blocks\Spout\include</Filter>
    </ClInclude>
    <ClInclude Include="..\..\..\Cinder\blocks\Cinder-VDR\include\VDAnimation.h">
      <Filter>Blocks\Cinder-VDR\include</Filter>
    </ClInclude>
    <ClInclude Include="..\..\..\Cinder\blocks\Cinder-VDR\include\VDFboShader.h">
      <Filter>Blocks\Cinder-VDR\include</Filter>
    </ClInclude>
    <ClInclude Include="..\..\..\Cinder\blocks\Cinder-VDR\include\VDJsonManager.h">
      <Filter>Blocks\Cinder-VDR\include</Filter>
    </ClInclude>
    <ClInclude Include="..\..\..\Cinder\blocks\Cinder-VDR\include\VDKeyboard.h">
      <Filter>Blocks\Cinder-VDR\include</Filter>
    </ClInclude>
    <ClInclude Include="..\..\..\Cinder\blocks\Cinder-VDR\include\VDLog.h">
      <Filter>Blocks\Cinder-VDR\include</Filter>
    </ClInclude>
    <ClInclude Include="..\..\..\Cinder\blocks\Cinder-VDR\include\VDMediator.h">
      <Filter>Blocks\Cinder-VDR\include</Filter>
    </ClInclude>
    <ClInclude Include="..\..\..\Cinder\blocks\Cinder-VDR\include\VDMidi.h">
      <Filter>Blocks\Cinder-VDR\include</Filter>
    </ClInclude>
    <ClInclude Include="..\..\..\Cinder\blocks\Cinder-VDR\include\VDMix.h">
      <Filter>Blocks\Cinder-VDR\include</Filter>
    </ClInclude>
    <ClInclude Include="..\..\..\Cinder\blocks\Cinder-VDR\include\VDOscObserver.h">
      <Filter>Blocks\Cinder-VDR\include</Filter>
    </ClInclude>
    <ClInclude Include="..\..\..\Cinder\blocks\Cinder-VDR\include\VDOscReceiver.h">
      <Filter>Blocks\Cinder-VDR\include</Filter>
    </ClInclude>
    <ClInclude Include="..\..\..\Cinder\blocks\Cinder-VDR\include\VDParams.h">
      <Filter>Blocks\Cinder-VDR\include</Filter>
    </ClInclude>
    <ClInclude Include="..\..\..\Cinder\blocks\Cinder-VDR\include\VDSession.h">
      <Filter>Blocks\Cinder-VDR\include</Filter>
    </ClInclude>
    <ClInclude Include="..\..\..\Cinder\blocks\Cinder-VDR\include\VDSessionFacade.h">
      <Filter>Blocks\Cinder-VDR\include</Filter>
    </ClInclude>
    <ClInclude Include="..\..\..\Cinder\blocks\Cinder-VDR\include\VDSettings.h">
      <Filter>Blocks\Cinder-VDR\include</Filter>
    </ClInclude>
    <ClInclude Include="..\..\..\Cinder\blocks\Cinder-VDR\include\VDTypes.h">
      <Filter>Blocks\Cinder-VDR\include</Filter>
    </ClInclude>
    <ClInclude Include="..\..\..\Cinder\blocks\Cinder-VDR\include\VDUIObserver.h">
      <Filter>Blocks\Cinder-VDR\include</Filter>
    </ClInclude>
    <ClInclude Include="..\..\..\Cinder\blocks\Cinder-VDR\include\VDUIParams.h">
      <Filter>Blocks\Cinder-VDR\include</Filter>
    </ClInclude>
    <ClInclude Include="..\..\..\Cinder\blocks\Cinder-VDR\include\VDUniforms.h">
      <Filter>Blocks\Cinder-VDR\include</Filter>
    </ClInclude>
    <ClInclude Include="..\..\..\Cinder\blocks\Cinder-VDR\include\VDWebsocket.h">
      <Filter>Blocks\Cinder-VDR\include</Filter>
    </ClInclude>
    <ClCompile Include="..\..\..\Cinder\blocks\Cinder-VDR\src\VDAnimation.cpp">
      <Filter>Blocks\Cinder-VDR\src</Filter>
    </ClCompile>
    <ClCompile Include="..\..\..\Cinder\blocks\Cinder-VDR\src\VDFboShader.cpp">
      <Filter>Blocks\Cinder-VDR\src</Filter>
    </ClCompile>
    <ClCompile Include="..\..\..\Cinder\blocks\Cinder-VDR\src\VDJsonManager.cpp">
      <Filter>Blocks\Cinder-VDR\src</Filter>
    </ClCompile>
    <ClCompile Include="..\..\..\Cinder\blocks\Cinder-VDR\src\VDKeyboard.cpp">
      <Filter>Blocks\Cinder-VDR\src</Filter>
    </ClCompile>
    <ClCompile Include="..\..\..\Cinder\blocks\Cinder-VDR\src\VDLog.cpp">
      <Filter>Blocks\Cinder-VDR\src</Filter>
    </ClCompile>
    <ClCompile Include="..\..\..\Cinder\blocks\Cinder-VDR\src\VDMediator.cpp">
      <Filter>Blocks\Cinder-VDR\src</Filter>
    </ClCompile>
    <ClCompile Include="..\..\..\Cinder\blocks\Cinder-VDR\src\VDMidi.cpp">
      <Filter>Blocks\Cinder-VDR\src</Filter>
    </ClCompile>
    <ClCompile Include="..\..\..\Cinder\blocks\Cinder-VDR\src\VDMix.cpp">
      <Filter>Blocks\Cinder-VDR\src</Filter>
    </ClCompile>
    <ClCompile Include="..\..\..\Cinder\blocks\Cinder-VDR\src\VDOscReceiver.cpp">
      <Filter>Blocks\Cinder-VDR\src</Filter>
    </ClCompile>
    <ClCompile Include="..\..\..\Cinder\blocks\Cinder-VDR\src\VDParams.cpp">
      <Filter>Blocks\Cinder-VDR\src</Filter>
    </ClCompile>
    <ClCompile Include="..\..\..\Cinder\blocks\Cinder-VDR\src\VDSession.cpp">
      <Filter>Blocks\Cinder-VDR\src</Filter>
    </ClCompile>
    <ClCompile Include="..\..\..\Cinder\blocks\Cinder-VDR\src\VDSessionFacade.cpp">
      <Filter>Blocks\Cinder-VDR\src</Filter>
    </ClCompile>
    <ClCompile Include="..\..\..\Cinder\blocks\Cinder-VDR\src\VDSettings.cpp">
      <Filter>Blocks\Cinder-VDR\src</Filter>
    </ClCompile>
    <ClCompile Include="..\..\..\Cinder\blocks\Cinder-VDR\src\VDUniforms.cpp">
      <Filter>Blocks\Cinder-VDR\src</Filter>
    </ClCompile>
    <ClCompile Include="..\..\..\Cinder\blocks\Cinder-VDR\src\VDWebsocket.cpp">
      <Filter>Blocks\Cinder-VDR\src</Filter>
    </ClCompile>
    <ClInclude Include="..\..\..\Cinder\blocks\Cinder-VDRUI\include\VDUI.h">
      <Filter>Blocks\Cinder-VDUI\include</Filter>
    </ClInclude>
    <ClInclude Include="..\..\..\Cinder\blocks\Cinder-VDRUI\include\VDUIAnimation.h">
      <Filter>Blocks\Cinder-VDUI\include</Filter>
    </ClInclude>
    <ClInclude Include="..\..\..\Cinder\blocks\Cinder-VDRUI\include\VDUIFbos.h">
      <Filter>Blocks\Cinder-VDUI\include</Filter>
    </ClInclude>
    <ClInclude Include="..\..\..\Cinder\blocks\Cinder-VDRUI\include\VDUITextures.h">
      <Filter>Blocks\Cinder-VDUI\include</Filter>
    </ClInclude>
    <ClInclude Include="..\..\..\Cinder\blocks\Cinder-VDRUI\include\VDUIWarps.h">
      <Filter>Blocks\Cinder-VDUI\include</Filter>
    </ClInclude>
    <ClCompile Include="..\..\..\Cinder\blocks\Cinder-VDRUI\src\VDUI.cpp">
      <Filter>Blocks\Cinder-VDUI\src</Filter>
    </ClCompile>
    <ClCompile Include="..\..\..\Cinder\blocks\Cinder-VDRUI\src\VDUIAnimation.cpp">
      <Filter>Blocks\Cinder-VDUI\src</Filter>
    </ClCompile>
    <ClCompile Include="..\..\..\Cinder\blocks\Cinder-VDRUI\src\VDUIFbos.cpp">
      <Filter>Blocks\Cinder-VDUI\src</Filter>
    </ClCompile>
    <ClCompile Include="..\..\..\Cinder\blocks\Cinder-VDRUI\src\VDUITextures.cpp">
      <Filter>Blocks\Cinder-VDUI\src</Filter>
    </ClCompile>
    <ClCompile Include="..\..\..\Cinder\blocks\Cinder-VDRUI\src\VDUIWarps.cpp">
      <Filter>Blocks\Cinder-VDUI\src</Filter>
    </ClCompile>
    <ClInclude Include="..\..\..\Cinder\blocks\Cinder-Warping\include\Warp.h">
      <Filter>Blocks\Cinder-Warping\include</Filter>
    </ClInclude>
    <ClCompile Include="..\..\..\Cinder\blocks\Cinder-Warping\src\Warp.cpp">
      <Filter>Blocks\Cinder-Warping\src</Filter>
    </ClCompile>
    <ClCompile Include="..\..\..\Cinder\blocks\Cinder-Warping\src\WarpBilinear.cpp">
      <Filter>Blocks\Cinder-Warping\src</Filter>
    </ClCompile>
    <ClCompile Include="..\..\..\Cinder\blocks\Cinder-Warping\src\WarpPerspective.cpp">
      <Filter>Blocks\Cinder-Warping\src</Filter>
    </ClCompile>
    <ClCompile Include="..\..\..\Cinder\blocks\Cinder-Warping\src\WarpPerspectiveBilinear.cpp">
      <Filter>Blocks\Cinder-Warping\src</Filter>
    </ClCompile>
    <ClCompile Include="..\..\..\Cinder\blocks\Cinder-WebSocketPP\src\WebSocketClient.cpp">
      <Filter>Blocks\Cinder-WebSocketPP\src</Filter>
    </ClCompile>
    <ClCompile Include="..\..\..\Cinder\blocks\Cinder-WebSocketPP\src\WebSocketConnection.cpp">
      <Filter>Blocks\Cinder-WebSocketPP\src</Filter>
    </ClCompile>
    <ClCompile Include="..\..\..\Cinder\blocks\Cinder-WebSocketPP\src\WebSocketServer.cpp">
      <Filter>Blocks\Cinder-WebSocketPP\src</Filter>
    </ClCompile>
    <ClInclude Include="..\..\..\Cinder\blocks\Cinder-WebSocketPP\src\WebSocketClient.h">
      <Filter>Blocks\Cinder-WebSocketPP\src</Filter>
    </ClInclude>
    <ClInclude Include="..\..\..\Cinder\blocks\Cinder-WebSocketPP\src\WebSocketConnection.h">
      <Filter>Blocks\Cinder-WebSocketPP\src</Filter>
    </ClInclude>
    <ClInclude Include="..\..\..\Cinder\blocks\Cinder-WebSocketPP\src\WebSocketServer.h">
      <Filter>Blocks\Cinder-WebSocketPP\src</Filter>
    </ClInclude>
    <ClCompile Include="..\..\..\Cinder\blocks\Cinder-WMFVideo\src\ciWMFVideoPlayer.cpp">
      <Filter>Blocks\WMFVideo\src</Filter>
    </ClCompile>
    <ClCompile Include="..\..\..\Cinder\blocks\Cinder-WMFVideo\src\ciWMFVideoPlayerUtils.cpp">
      <Filter>Blocks\WMFVideo\src</Filter>
    </ClCompile>
    <ClCompile Include="..\..\..\Cinder\blocks\Cinder-WMFVideo\src\presenter\PresentEngine.cpp">
      <Filter>Blocks\WMFVideo\src\presenter</Filter>
    </ClCompile>
    <ClCompile Include="..\..\..\Cinder\blocks\Cinder-WMFVideo\src\presenter\Presenter.cpp">
      <Filter>Blocks\WMFVideo\src\presenter</Filter>
    </ClCompile>
    <ClCompile Include="..\..\..\Cinder\blocks\Cinder-WMFVideo\src\presenter\PresenterHelpers.cpp">
      <Filter>Blocks\WMFVideo\src\presenter</Filter>
    </ClCompile>
    <ClCompile Include="..\..\..\Cinder\blocks\Cinder-WMFVideo\src\presenter\scheduler.cpp">
      <Filter>Blocks\WMFVideo\src\presenter</Filter>
    </ClCompile>
    <ClInclude Include="..\..\..\Cinder\blocks\Cinder-WMFVideo\src\ciWMFVideoPlayer.h">
      <Filter>Blocks\WMFVideo\src</Filter>
    </ClInclude>
    <ClInclude Include="..\..\..\Cinder\blocks\Cinder-WMFVideo\src\ciWMFVideoPlayerUtils.h">
      <Filter>Blocks\WMFVideo\src</Filter>
    </ClInclude>
    <ClInclude Include="..\..\..\Cinder\blocks\Cinder-WMFVideo\src\presenter\EVRPresenter.h">
      <Filter>Blocks\WMFVideo\src\presenter</Filter>
    </ClInclude>
    <ClInclude Include="..\..\..\Cinder\blocks\Cinder-WMFVideo\src\presenter\EVRPresenterUuid.h">
      <Filter>Blocks\WMFVideo\src\presenter</Filter>
    </ClInclude>
    <ClInclude Include="..\..\..\Cinder\blocks\Cinder-WMFVideo\src\presenter\PresentEngine.h">
      <Filter>Blocks\WMFVideo\src\presenter</Filter>
    </ClInclude>
    <ClInclude Include="..\..\..\Cinder\blocks\Cinder-WMFVideo\src\presenter\Presenter.h">
      <Filter>Blocks\WMFVideo\src\presenter</Filter>
    </ClInclude>
    <ClInclude Include="..\..\..\Cinder\blocks\Cinder-WMFVideo\src\presenter\PresenterHelpers.h">
      <Filter>Blocks\WMFVideo\src\presenter</Filter>
    </ClInclude>
    <ClInclude Include="..\..\..\Cinder\blocks\Cinder-WMFVideo\src\presenter\scheduler.h">
      <Filter>Blocks\WMFVideo\src\presenter</Filter>
    </ClInclude>
    <ClInclude Include="..\..\..\Cinder\blocks\Cinder-WMFVideo\src\presenter\common\AsyncCB.h">
      <Filter>Blocks\WMFVideo\src\presenter\common</Filter>
    </ClInclude>
    <ClInclude Include="..\..\..\Cinder\blocks\Cinder-WMFVideo\src\presenter\common\BufferLock.h">
      <Filter>Blocks\WMFVideo\src\presenter\common</Filter>
    </ClInclude>
    <ClInclude Include="..\..\..\Cinder\blocks\Cinder-WMFVideo\src\presenter\common\ClassFactory.h">
      <Filter>Blocks\WMFVideo\src\presenter\common</Filter>
    </ClInclude>
    <ClInclude Include="..\..\..\Cinder\blocks\Cinder-WMFVideo\src\presenter\common\common.h">
      <Filter>Blocks\WMFVideo\src\presenter\common</Filter>
    </ClInclude>
    <ClInclude Include="..\..\..\Cinder\blocks\Cinder-WMFVideo\src\presenter\common\critsec.h">
      <Filter>Blocks\WMFVideo\src\presenter\common</Filter>
    </ClInclude>
    <ClInclude Include="..\..\..\Cinder\blocks\Cinder-WMFVideo\src\presenter\common\GrowArray.h">
      <Filter>Blocks\WMFVideo\src\presenter\common</Filter>
    </ClInclude>
    <ClInclude Include="..\..\..\Cinder\blocks\Cinder-WMFVideo\src\presenter\common\linklist.h">
      <Filter>Blocks\WMFVideo\src\presenter\common</Filter>
    </ClInclude>
    <ClInclude Include="..\..\..\Cinder\blocks\Cinder-WMFVideo\src\presenter\common\logging.h">
      <Filter>Blocks\WMFVideo\src\presenter\common</Filter>
    </ClInclude>
    <ClInclude Include="..\..\..\Cinder\blocks\Cinder-WMFVideo\src\presenter\common\logmediatype.h">
      <Filter>Blocks\WMFVideo\src\presenter\common</Filter>
    </ClInclude>
    <ClInclude Include="..\..\..\Cinder\blocks\Cinder-WMFVideo\src\presenter\common\mediatype.h">
      <Filter>Blocks\WMFVideo\src\presenter\common</Filter>
    </ClInclude>
    <ClInclude Include="..\..\..\Cinder\blocks\Cinder-WMFVideo\src\presenter\common\mfutils.h">
      <Filter>Blocks\WMFVideo\src\presenter\common</Filter>
    </ClInclude>
    <ClInclude Include="..\..\..\Cinder\blocks\Cinder-WMFVideo\src\presenter\common\PropVar.h">
      <Filter>Blocks\WMFVideo\src\presenter\common</Filter>
    </ClInclude>
    <ClInclude Include="..\..\..\Cinder\blocks\Cinder-WMFVideo\src\presenter\common\registry.h">
      <Filter>Blocks\WMFVideo\src\presenter\common</Filter>
    </ClInclude>
    <ClInclude Include="..\..\..\Cinder\blocks\Cinder-WMFVideo\src\presenter\common\TinyMap.h">
      <Filter>Blocks\WMFVideo\src\presenter\common</Filter>
    </ClInclude>
    <ClInclude Include="..\..\..\Cinder\blocks\Cinder-WMFVideo\src\presenter\common\trace.h">
      <Filter>Blocks\WMFVideo\src\presenter\common</Filter>
    </ClInclude>
    <ClCompile Include="..\..\..\Cinder\blocks\OSC\src\cinder\osc\Osc.cpp">
      <Filter>Blocks\OSC\src\cinder\osc</Filter>
    </ClCompile>
    <ClInclude Include="..\..\..\Cinder\blocks\OSC\src\cinder\osc\Osc.h">
      <Filter>Blocks\OSC\src\cinder\osc</Filter>
    </ClInclude>
  </ItemGroup>
  <ItemGroup>
    <ClInclude Include="..\include\Resources.h">
      <Filter>Header Files</Filter>
    </ClInclude>
  </ItemGroup>
  <ItemGroup>
    <ResourceCompile Include="Resources.rc">
      <Filter>Resource Files</Filter>
    </ResourceCompile>
  </ItemGroup>
  <ItemGroup>
    <None Include="..\assets\audio.json">
      <Filter>assets</Filter>
    </None>
    <None Include="..\assets\shader.cont">
      <Filter>assets</Filter>
    </None>
    <None Include="..\assets\shader.eval">
      <Filter>assets</Filter>
    </None>
    <None Include="..\assets\shader.frag">
      <Filter>assets</Filter>
    </None>
    <None Include="..\assets\shader.geom">
      <Filter>assets</Filter>
    </None>
    <None Include="..\assets\shader.vert">
      <Filter>assets</Filter>
    </None>
  </ItemGroup>
</Project>